
Microsoft Visual Studio Solution File, Format Version 12.00
# Visual Studio Version 16
VisualStudioVersion = 16.0.30503.244
MinimumVisualStudioVersion = 10.0.40219.1
Project("{FAE04EC0-301F-11D3-BF4B-00C04F79EFBC}") = "ProductReviewManagement", "ProductReviewManagement.csproj", "{D8444FDC-F27D-409B-AF8E-D8B1DF8BD0CD}"
EndProject
Global
	GlobalSection(SolutionConfigurationPlatforms) = preSolution
		Debug|Any CPU = Debug|Any CPU
		Release|Any CPU = Release|Any CPU
	EndGlobalSection
	GlobalSection(ProjectConfigurationPlatforms) = postSolution
		{D8444FDC-F27D-409B-AF8E-D8B1DF8BD0CD}.Debug|Any CPU.ActiveCfg = Debug|Any CPU
		{D8444FDC-F27D-409B-AF8E-D8B1DF8BD0CD}.Debug|Any CPU.Build.0 = Debug|Any CPU
		{D8444FDC-F27D-409B-AF8E-D8B1DF8BD0CD}.Release|Any CPU.ActiveCfg = Release|Any CPU
		{D8444FDC-F27D-409B-AF8E-D8B1DF8BD0CD}.Release|Any CPU.Build.0 = Release|Any CPU
	EndGlobalSection
	GlobalSection(SolutionProperties) = preSolution
		HideSolutionNode = FALSE
	EndGlobalSection
	GlobalSection(ExtensibilityGlobals) = postSolution
		SolutionGuid = {CEE1CF8F-9536-4412-8B8B-35840A6EC98A}
	EndGlobalSection
EndGlobal
